
Microsoft Visual Studio Solution File, Format Version 12.00
# Visual Studio 2012
Project("{FAE04EC0-301F-11D3-BF4B-00C04F79EFBC}") = "CountdownApp", "WindowsFormsApplication1\CountdownApp.csproj", "{1956A0F8-7D99-4DFB-A166-5B803597995D}"
EndProject
Global
	GlobalSection(SolutionConfigurationPlatforms) = preSolution
		Debug|Any CPU = Debug|Any CPU
		Release|Any CPU = Release|Any CPU
	EndGlobalSection
	GlobalSection(ProjectConfigurationPlatforms) = postSolution
		{1956A0F8-7D99-4DFB-A166-5B803597995D}.Debug|Any CPU.ActiveCfg = Debug|Any CPU
		{1956A0F8-7D99-4DFB-A166-5B803597995D}.Debug|Any CPU.Build.0 = Debug|Any CPU
		{1956A0F8-7D99-4DFB-A166-5B803597995D}.Release|Any CPU.ActiveCfg = Release|Any CPU
		{1956A0F8-7D99-4DFB-A166-5B803597995D}.Release|Any CPU.Build.0 = Release|Any CPU
	EndGlobalSection
	GlobalSection(SolutionProperties) = preSolution
		HideSolutionNode = FALSE
	EndGlobalSection
EndGlobal
